{
  "name": "inayelle.store",
  "version": "0.0.1",
  "lockfileVersion": 1,
  "requires": true,
  "dependencies": {
    "@types/jquery": {
      "version": "3.3.2",
      "resolved": "https://registry.npmjs.org/@types/jquery/-/jquery-3.3.2.tgz",
      "integrity": "sha512-ByZwKSEqteAta4VrIalqGJZmMq9lWPD3H3f5Xs6RR8B7zQRDPGUtjoKBYNtKTz/7LgBEQMdlxVbbjQfUaEIItA=="
    },
    "@types/jquery.validation": {
      "version": "1.16.4",
      "resolved": "https://registry.npmjs.org/@types/jquery.validation/-/jquery.validation-1.16.4.tgz",
      "integrity": "sha512-PFrM2r+3bJ2y4VqY+Z68TBZJ+e/cHE7Cfdv1LFcZl0kk2z3au1fuCzxcSH5wAFxq3t4/5SVpXIEM+xysR8Qoxg==",
      "requires": {
        "@types/jquery": "3.3.2"
      }
    },
    "sass": {
      "version": "1.4.0",
      "resolved": "https://registry.npmjs.org/sass/-/sass-1.4.0.tgz",
      "integrity": "sha512-sxV8ya7mqZpJejAkMKsSrlPWseFY3ZpNHyllXkBeTYS0tE8/CqpC4EwQHawso1270o4whhrwiSkSFZxplWvGcQ=="
    },
    "typescript": {
      "version": "2.8.3",
      "resolved": "https://registry.npmjs.org/typescript/-/typescript-2.8.3.tgz",
      "integrity": "sha512-K7g15Bb6Ra4lKf7Iq2l/I5/En+hLIHmxWZGq3D4DIRNFxMNV6j2SHSvDOqs2tGd4UvD/fJvrwopzQXjLrT7Itw=="
    }
  }
}
